# THIS IS AN AUTOGENERATED FILE. DO NOT EDIT THIS FILE DIRECTLY.
# yarn lockfile v1


"@babel/helper-validator-identifier@^7.14.9":
  version "7.15.7"
  resolved "https://registry.npmjs.org/@babel/helper-validator-identifier/-/helper-validator-identifier-7.15.7.tgz"

"@babel/parser@^7.12.0", "@babel/parser@^7.13.9", "@babel/parser@^7.7.7":
  version "7.15.8"
  resolved "https://registry.npmjs.org/@babel/parser/-/parser-7.15.8.tgz"

"@babel/types@^7.12.0", "@babel/types@^7.13.0":
  version "7.15.6"
  resolved "https://registry.npmjs.org/@babel/types/-/types-7.15.6.tgz"
  dependencies:
    "@babel/helper-validator-identifier" "^7.14.9"
    to-fast-properties "^2.0.0"

"@sindresorhus/is@^0.7.0":
  version "0.7.0"
  resolved "https://registry.npmjs.org/@sindresorhus/is/-/is-0.7.0.tgz"

"@sindresorhus/is@^4.0.0":
  version "4.2.0"
  resolved "https://registry.npmjs.org/@sindresorhus/is/-/is-4.2.0.tgz"

"@szmarczak/http-timer@^4.0.5":
  version "4.0.6"
  resolved "https://registry.npmjs.org/@szmarczak/http-timer/-/http-timer-4.0.6.tgz"
  dependencies:
    defer-to-connect "^2.0.0"

"@types/cacheable-request@^6.0.1":
  version "6.0.2"
  resolved "https://registry.npmjs.org/@types/cacheable-request/-/cacheable-request-6.0.2.tgz"
  dependencies:
    "@types/http-cache-semantics" "*"
    "@types/keyv" "*"
    "@types/node" "*"
    "@types/responselike" "*"

"@types/http-cache-semantics@*":
  version "4.0.1"
  resolved "https://registry.npmjs.org/@types/http-cache-semantics/-/http-cache-semantics-4.0.1.tgz"

"@types/keyv@*":
  version "3.1.3"
  resolved "https://registry.npmjs.org/@types/keyv/-/keyv-3.1.3.tgz"
  dependencies:
    "@types/node" "*"

"@types/node@*":
  version "16.10.3"
  resolved "https://registry.npmjs.org/@types/node/-/node-16.10.3.tgz"

"@types/responselike@*", "@types/responselike@^1.0.0":
  version "1.0.0"
  resolved "https://registry.npmjs.org/@types/responselike/-/responselike-1.0.0.tgz"
  dependencies:
    "@types/node" "*"

"@vue/compiler-core@3.0.11":
  version "3.0.11"
  resolved "https://registry.npmjs.org/@vue/compiler-core/-/compiler-core-3.0.11.tgz"
  dependencies:
    "@babel/parser" "^7.12.0"
    "@babel/types" "^7.12.0"
    "@vue/shared" "3.0.11"
    estree-walker "^2.0.1"
    source-map "^0.6.1"

"@vue/compiler-dom@3.0.11":
  version "3.0.11"
  resolved "https://registry.npmjs.org/@vue/compiler-dom/-/compiler-dom-3.0.11.tgz"
  dependencies:
    "@vue/compiler-core" "3.0.11"
    "@vue/shared" "3.0.11"

"@vue/compiler-ssr@3.0.11":
  version "3.0.11"
  resolved "https://registry.npmjs.org/@vue/compiler-ssr/-/compiler-ssr-3.0.11.tgz"
  dependencies:
    "@vue/compiler-dom" "3.0.11"
    "@vue/shared" "3.0.11"

"@vue/shared@3.0.11":
  version "3.0.11"
  resolved "https://registry.npmjs.org/@vue/shared/-/shared-3.0.11.tgz"

absolute@0.0.1:
  version "0.0.1"
  resolved "https://registry.npmjs.org/absolute/-/absolute-0.0.1.tgz"

ansi-escapes@^4.2.1:
  version "4.3.2"
  resolved "https://registry.npmjs.org/ansi-escapes/-/ansi-escapes-4.3.2.tgz"
  dependencies:
    type-fest "^0.21.3"

ansi-red@^0.1.1:
  version "0.1.1"
  resolved "https://registry.npmjs.org/ansi-red/-/ansi-red-0.1.1.tgz"
  dependencies:
    ansi-wrap "0.1.0"

ansi-regex@^2.0.0:
  version "2.1.1"
  resolved "https://registry.npmjs.org/ansi-regex/-/ansi-regex-2.1.1.tgz"

ansi-regex@^5.0.1:
  version "5.0.1"
  resolved "https://registry.npmjs.org/ansi-regex/-/ansi-regex-5.0.1.tgz"

ansi-regex@^6.0.1:
  version "6.0.1"
  resolved "https://registry.npmjs.org/ansi-regex/-/ansi-regex-6.0.1.tgz"

ansi-styles@^2.2.1:
  version "2.2.1"
  resolved "https://registry.npmjs.org/ansi-styles/-/ansi-styles-2.2.1.tgz"

ansi-styles@^4.1.0:
  version "4.3.0"
  resolved "https://registry.npmjs.org/ansi-styles/-/ansi-styles-4.3.0.tgz"
  dependencies:
    color-convert "^2.0.1"

ansi-wrap@0.1.0:
  version "0.1.0"
  resolved "https://registry.npmjs.org/ansi-wrap/-/ansi-wrap-0.1.0.tgz"

archive-type@^4.0.0:
  version "4.0.0"
  resolved "https://registry.npmjs.org/archive-type/-/archive-type-4.0.0.tgz"
  dependencies:
    file-type "^4.2.0"

argparse@^1.0.7:
  version "1.0.10"
  resolved "https://registry.npmjs.org/argparse/-/argparse-1.0.10.tgz"
  dependencies:
    sprintf-js "~1.0.2"

ast-types-yx@0.14.2:
  version "0.14.2"
  resolved "https://registry.npmjs.org/ast-types-yx/-/ast-types-yx-0.14.2.tgz"
  dependencies:
    tslib "^2.0.1"

balanced-match@^1.0.0:
  version "1.0.2"
  resolved "https://registry.npmjs.org/balanced-match/-/balanced-match-1.0.2.tgz"

base64-js@^1.3.1:
  version "1.5.1"
  resolved "https://registry.npmjs.org/base64-js/-/base64-js-1.5.1.tgz"

big.js@^5.2.2:
  version "5.2.2"
  resolved "https://registry.npmjs.org/big.js/-/big.js-5.2.2.tgz"

bl@^1.0.0:
  version "1.2.3"
  resolved "https://registry.npmjs.org/bl/-/bl-1.2.3.tgz"
  dependencies:
    readable-stream "^2.3.5"
    safe-buffer "^5.1.1"

bl@^4.1.0:
  version "4.1.0"
  resolved "https://registry.npmjs.org/bl/-/bl-4.1.0.tgz"
  dependencies:
    buffer "^5.5.0"
    inherits "^2.0.4"
    readable-stream "^3.4.0"

bl@^5.0.0:
  version "5.0.0"
  resolved "https://registry.npmjs.org/bl/-/bl-5.0.0.tgz"
  dependencies:
    buffer "^6.0.3"
    inherits "^2.0.4"
    readable-stream "^3.4.0"

brace-expansion@^1.1.7:
  version "1.1.11"
  resolved "https://registry.npmjs.org/brace-expansion/-/brace-expansion-1.1.11.tgz"
  dependencies:
    balanced-match "^1.0.0"
    concat-map "0.0.1"

buffer-alloc-unsafe@^1.1.0:
  version "1.1.0"
  resolved "https://registry.npmjs.org/buffer-alloc-unsafe/-/buffer-alloc-unsafe-1.1.0.tgz"

buffer-alloc@^1.2.0:
  version "1.2.0"
  resolved "https://registry.npmjs.org/buffer-alloc/-/buffer-alloc-1.2.0.tgz"
  dependencies:
    buffer-alloc-unsafe "^1.1.0"
    buffer-fill "^1.0.0"

buffer-crc32@~0.2.3:
  version "0.2.13"
  resolved "https://registry.npmjs.org/buffer-crc32/-/buffer-crc32-0.2.13.tgz"

buffer-fill@^1.0.0:
  version "1.0.0"
  resolved "https://registry.npmjs.org/buffer-fill/-/buffer-fill-1.0.0.tgz"

buffer@^5.2.1, buffer@^5.5.0:
  version "5.7.1"
  resolved "https://registry.npmjs.org/buffer/-/buffer-5.7.1.tgz"
  dependencies:
    base64-js "^1.3.1"
    ieee754 "^1.1.13"

buffer@^6.0.3:
  version "6.0.3"
  resolved "https://registry.npmjs.org/buffer/-/buffer-6.0.3.tgz"
  dependencies:
    base64-js "^1.3.1"
    ieee754 "^1.2.1"

cacheable-lookup@^5.0.3:
  version "5.0.4"
  resolved "https://registry.npmjs.org/cacheable-lookup/-/cacheable-lookup-5.0.4.tgz"

cacheable-request@^2.1.1:
  version "2.1.4"
  resolved "https://registry.npmjs.org/cacheable-request/-/cacheable-request-2.1.4.tgz"
  dependencies:
    clone-response "1.0.2"
    get-stream "3.0.0"
    http-cache-semantics "3.8.1"
    keyv "3.0.0"
    lowercase-keys "1.0.0"
    normalize-url "2.0.1"
    responselike "1.0.2"

cacheable-request@^7.0.1:
  version "7.0.2"
  resolved "https://registry.npmjs.org/cacheable-request/-/cacheable-request-7.0.2.tgz"
  dependencies:
    clone-response "^1.0.2"
    get-stream "^5.1.0"
    http-cache-semantics "^4.0.0"
    keyv "^4.0.0"
    lowercase-keys "^2.0.0"
    normalize-url "^6.0.1"
    responselike "^2.0.0"

caw@^2.0.1:
  version "2.0.1"
  resolved "https://registry.npmjs.org/caw/-/caw-2.0.1.tgz"
  dependencies:
    get-proxy "^2.0.0"
    isurl "^1.0.0-alpha5"
    tunnel-agent "^0.6.0"
    url-to-options "^1.0.1"

chalk@^1.1.3:
  version "1.1.3"
  resolved "https://registry.npmjs.org/chalk/-/chalk-1.1.3.tgz"
  dependencies:
    ansi-styles "^2.2.1"
    escape-string-regexp "^1.0.2"
    has-ansi "^2.0.0"
    strip-ansi "^3.0.0"
    supports-color "^2.0.0"

chalk@^4.1.0, chalk@^4.1.1, chalk@^4.1.2:
  version "4.1.2"
  resolved "https://registry.npmjs.org/chalk/-/chalk-4.1.2.tgz"
  dependencies:
    ansi-styles "^4.1.0"
    supports-color "^7.1.0"

chardet@^0.7.0:
  version "0.7.0"
  resolved "https://registry.npmjs.org/chardet/-/chardet-0.7.0.tgz"

cli-cursor@^3.1.0:
  version "3.1.0"
  resolved "https://registry.npmjs.org/cli-cursor/-/cli-cursor-3.1.0.tgz"
  dependencies:
    restore-cursor "^3.1.0"

cli-cursor@^4.0.0:
  version "4.0.0"
  resolved "https://registry.npmjs.org/cli-cursor/-/cli-cursor-4.0.0.tgz"
  dependencies:
    restore-cursor "^4.0.0"

cli-spinners@^2.5.0, cli-spinners@^2.6.0:
  version "2.6.1"
  resolved "https://registry.npmjs.org/cli-spinners/-/cli-spinners-2.6.1.tgz"

cli-width@^3.0.0:
  version "3.0.0"
  resolved "https://registry.npmjs.org/cli-width/-/cli-width-3.0.0.tgz"

clone-response@1.0.2, clone-response@^1.0.2:
  version "1.0.2"
  resolved "https://registry.npmjs.org/clone-response/-/clone-response-1.0.2.tgz"
  dependencies:
    mimic-response "^1.0.0"

clone@^1.0.2:
  version "1.0.4"
  resolved "https://registry.npmjs.org/clone/-/clone-1.0.4.tgz"

co-from-stream@~0.0.0:
  version "0.0.0"
  resolved "https://registry.npmjs.org/co-from-stream/-/co-from-stream-0.0.0.tgz"
  dependencies:
    co-read "0.0.1"

co-fs-extra@^1.2.1:
  version "1.2.1"
  resolved "https://registry.npmjs.org/co-fs-extra/-/co-fs-extra-1.2.1.tgz"
  dependencies:
    co-from-stream "~0.0.0"
    fs-extra "~0.26.5"
    thunkify-wrap "~1.0.4"

co-read@0.0.1:
  version "0.0.1"
  resolved "https://registry.npmjs.org/co-read/-/co-read-0.0.1.tgz"

co@3.1.0, co@~3.1.0:
  version "3.1.0"
  resolved "https://registry.npmjs.org/co/-/co-3.1.0.tgz"

coffee-script@^1.12.4:
  version "1.12.7"
  resolved "https://registry.npmjs.org/coffee-script/-/coffee-script-1.12.7.tgz"

color-convert@^2.0.1:
  version "2.0.1"
  resolved "https://registry.npmjs.org/color-convert/-/color-convert-2.0.1.tgz"
  dependencies:
    color-name "~1.1.4"

color-name@~1.1.4:
  version "1.1.4"
  resolved "https://registry.npmjs.org/color-name/-/color-name-1.1.4.tgz"

commander@^2.6.0, commander@^2.8.1:
  version "2.20.3"
  resolved "https://registry.npmjs.org/commander/-/commander-2.20.3.tgz"

commander@^8.2.0:
  version "8.2.0"
  resolved "https://registry.npmjs.org/commander/-/commander-8.2.0.tgz"

concat-map@0.0.1:
  version "0.0.1"
  resolved "https://registry.npmjs.org/concat-map/-/concat-map-0.0.1.tgz"

config-chain@^1.1.11:
  version "1.1.13"
  resolved "https://registry.npmjs.org/config-chain/-/config-chain-1.1.13.tgz"
  dependencies:
    ini "^1.3.4"
    proto-list "~1.2.1"

content-disposition@^0.5.2:
  version "0.5.3"
  resolved "https://registry.npmjs.org/content-disposition/-/content-disposition-0.5.3.tgz"
  dependencies:
    safe-buffer "5.1.2"

core-util-is@~1.0.0:
  version "1.0.3"
  resolved "https://registry.npmjs.org/core-util-is/-/core-util-is-1.0.3.tgz"

cssesc@^3.0.0:
  version "3.0.0"
  resolved "https://registry.npmjs.org/cssesc/-/cssesc-3.0.0.tgz"

decode-uri-component@^0.2.0:
  version "0.2.0"
  resolved "https://registry.npmjs.org/decode-uri-component/-/decode-uri-component-0.2.0.tgz"

decompress-response@^3.3.0:
  version "3.3.0"
  resolved "https://registry.npmjs.org/decompress-response/-/decompress-response-3.3.0.tgz"
  dependencies:
    mimic-response "^1.0.0"

decompress-response@^6.0.0:
  version "6.0.0"
  resolved "https://registry.npmjs.org/decompress-response/-/decompress-response-6.0.0.tgz"
  dependencies:
    mimic-response "^3.1.0"

decompress-tar@^4.0.0, decompress-tar@^4.1.0, decompress-tar@^4.1.1:
  version "4.1.1"
  resolved "https://registry.npmjs.org/decompress-tar/-/decompress-tar-4.1.1.tgz"
  dependencies:
    file-type "^5.2.0"
    is-stream "^1.1.0"
    tar-stream "^1.5.2"

decompress-tarbz2@^4.0.0:
  version "4.1.1"
  resolved "https://registry.npmjs.org/decompress-tarbz2/-/decompress-tarbz2-4.1.1.tgz"
  dependencies:
    decompress-tar "^4.1.0"
    file-type "^6.1.0"
    is-stream "^1.1.0"
    seek-bzip "^1.0.5"
    unbzip2-stream "^1.0.9"

decompress-targz@^4.0.0:
  version "4.1.1"
  resolved "https://registry.npmjs.org/decompress-targz/-/decompress-targz-4.1.1.tgz"
  dependencies:
    decompress-tar "^4.1.1"
    file-type "^5.2.0"
    is-stream "^1.1.0"

decompress-unzip@^4.0.1:
  version "4.0.1"
  resolved "https://registry.npmjs.org/decompress-unzip/-/decompress-unzip-4.0.1.tgz"
  dependencies:
    file-type "^3.8.0"
    get-stream "^2.2.0"
    pify "^2.3.0"
    yauzl "^2.4.2"

decompress@^4.2.0:
  version "4.2.1"
  resolved "https://registry.npmjs.org/decompress/-/decompress-4.2.1.tgz"
  dependencies:
    decompress-tar "^4.0.0"
    decompress-tarbz2 "^4.0.0"
    decompress-targz "^4.0.0"
    decompress-unzip "^4.0.1"
    graceful-fs "^4.1.10"
    make-dir "^1.0.0"
    pify "^2.3.0"
    strip-dirs "^2.0.0"

deep-extend@^0.6.0:
  version "0.6.0"
  resolved "https://registry.npmjs.org/deep-extend/-/deep-extend-0.6.0.tgz"

defaults@^1.0.3:
  version "1.0.3"
  resolved "https://registry.npmjs.org/defaults/-/defaults-1.0.3.tgz"
  dependencies:
    clone "^1.0.2"

defer-to-connect@^2.0.0:
  version "2.0.1"
  resolved "https://registry.npmjs.org/defer-to-connect/-/defer-to-connect-2.0.1.tgz"

download-git-repo@^3.0.2:
  version "3.0.2"
  resolved "https://registry.npmjs.org/download-git-repo/-/download-git-repo-3.0.2.tgz"
  dependencies:
    download "^7.1.0"
    git-clone "^0.1.0"
    rimraf "^3.0.0"

download@^7.1.0:
  version "7.1.0"
  resolved "https://registry.npmjs.org/download/-/download-7.1.0.tgz"
  dependencies:
    archive-type "^4.0.0"
    caw "^2.0.1"
    content-disposition "^0.5.2"
    decompress "^4.2.0"
    ext-name "^5.0.0"
    file-type "^8.1.0"
    filenamify "^2.0.0"
    get-stream "^3.0.0"
    got "^8.3.1"
    make-dir "^1.2.0"
    p-event "^2.1.0"
    pify "^3.0.0"

duplexer3@^0.1.4:
  version "0.1.4"
  resolved "https://registry.npmjs.org/duplexer3/-/duplexer3-0.1.4.tgz"

emoji-regex@^8.0.0:
  version "8.0.0"
  resolved "https://registry.npmjs.org/emoji-regex/-/emoji-regex-8.0.0.tgz"

emojis-list@^3.0.0:
  version "3.0.0"
  resolved "https://registry.npmjs.org/emojis-list/-/emojis-list-3.0.0.tgz"

enable@1:
  version "1.3.2"
  resolved "https://registry.npmjs.org/enable/-/enable-1.3.2.tgz"

end-of-stream@^1.0.0, end-of-stream@^1.1.0:
  version "1.4.4"
  resolved "https://registry.npmjs.org/end-of-stream/-/end-of-stream-1.4.4.tgz"
  dependencies:
    once "^1.4.0"

escape-string-regexp@^1.0.2, escape-string-regexp@^1.0.5:
  version "1.0.5"
  resolved "https://registry.npmjs.org/escape-string-regexp/-/escape-string-regexp-1.0.5.tgz"

esprima@^4.0.0, esprima@~4.0.0:
  version "4.0.1"
  resolved "https://registry.npmjs.org/esprima/-/esprima-4.0.1.tgz"

estree-walker@^2.0.1:
  version "2.0.2"
  resolved "https://registry.npmjs.org/estree-walker/-/estree-walker-2.0.2.tgz"

ext-list@^2.0.0:
  version "2.2.2"
  resolved "https://registry.npmjs.org/ext-list/-/ext-list-2.2.2.tgz"
  dependencies:
    mime-db "^1.28.0"

ext-name@^5.0.0:
  version "5.0.0"
  resolved "https://registry.npmjs.org/ext-name/-/ext-name-5.0.0.tgz"
  dependencies:
    ext-list "^2.0.0"
    sort-keys-length "^1.0.0"

extend-shallow@^2.0.1:
  version "2.0.1"
  resolved "https://registry.npmjs.org/extend-shallow/-/extend-shallow-2.0.1.tgz"
  dependencies:
    is-extendable "^0.1.0"

external-editor@^3.0.3:
  version "3.1.0"
  resolved "https://registry.npmjs.org/external-editor/-/external-editor-3.1.0.tgz"
  dependencies:
    chardet "^0.7.0"
    iconv-lite "^0.4.24"
    tmp "^0.0.33"

fd-slicer@~1.1.0:
  version "1.1.0"
  resolved "https://registry.npmjs.org/fd-slicer/-/fd-slicer-1.1.0.tgz"
  dependencies:
    pend "~1.2.0"

figures@^3.0.0:
  version "3.2.0"
  resolved "https://registry.npmjs.org/figures/-/figures-3.2.0.tgz"
  dependencies:
    escape-string-regexp "^1.0.5"

file-type@^3.8.0:
  version "3.9.0"
  resolved "https://registry.npmjs.org/file-type/-/file-type-3.9.0.tgz"

file-type@^4.2.0:
  version "4.4.0"
  resolved "https://registry.npmjs.org/file-type/-/file-type-4.4.0.tgz"

file-type@^5.2.0:
  version "5.2.0"
  resolved "https://registry.npmjs.org/file-type/-/file-type-5.2.0.tgz"

file-type@^6.1.0:
  version "6.2.0"
  resolved "https://registry.npmjs.org/file-type/-/file-type-6.2.0.tgz"

file-type@^8.1.0:
  version "8.1.0"
  resolved "https://registry.npmjs.org/file-type/-/file-type-8.1.0.tgz"

filename-reserved-regex@^2.0.0:
  version "2.0.0"
  resolved "https://registry.npmjs.org/filename-reserved-regex/-/filename-reserved-regex-2.0.0.tgz"

filenamify@^2.0.0:
  version "2.1.0"
  resolved "https://registry.npmjs.org/filenamify/-/filenamify-2.1.0.tgz"
  dependencies:
    filename-reserved-regex "^2.0.0"
    strip-outer "^1.0.0"
    trim-repeated "^1.0.0"

from2@^2.1.1:
  version "2.3.0"
  resolved "https://registry.npmjs.org/from2/-/from2-2.3.0.tgz"
  dependencies:
    inherits "^2.0.1"
    readable-stream "^2.0.0"

fs-constants@^1.0.0:
  version "1.0.0"
  resolved "https://registry.npmjs.org/fs-constants/-/fs-constants-1.0.0.tgz"

fs-extra@^10.0.0:
  version "10.0.0"
  resolved "https://registry.npmjs.org/fs-extra/-/fs-extra-10.0.0.tgz"
  dependencies:
    graceful-fs "^4.2.0"
    jsonfile "^6.0.1"
    universalify "^2.0.0"

fs-extra@~0.26.5:
  version "0.26.7"
  resolved "https://registry.npmjs.org/fs-extra/-/fs-extra-0.26.7.tgz"
  dependencies:
    graceful-fs "^4.1.2"
    jsonfile "^2.1.0"
    klaw "^1.0.0"
    path-is-absolute "^1.0.0"
    rimraf "^2.2.8"

fs.realpath@^1.0.0:
  version "1.0.0"
  resolved "https://registry.npmjs.org/fs.realpath/-/fs.realpath-1.0.0.tgz"

generic-names@^2.0.1:
  version "2.0.1"
  resolved "https://registry.npmjs.org/generic-names/-/generic-names-2.0.1.tgz"
  dependencies:
    loader-utils "^1.1.0"

get-proxy@^2.0.0:
  version "2.1.0"
  resolved "https://registry.npmjs.org/get-proxy/-/get-proxy-2.1.0.tgz"
  dependencies:
    npm-conf "^1.1.0"

get-stream@3.0.0, get-stream@^3.0.0:
  version "3.0.0"
  resolved "https://registry.npmjs.org/get-stream/-/get-stream-3.0.0.tgz"

get-stream@^2.2.0:
  version "2.3.1"
  resolved "https://registry.npmjs.org/get-stream/-/get-stream-2.3.1.tgz"
  dependencies:
    object-assign "^4.0.1"
    pinkie-promise "^2.0.0"

get-stream@^5.1.0:
  version "5.2.0"
  resolved "https://registry.npmjs.org/get-stream/-/get-stream-5.2.0.tgz"
  dependencies:
    pump "^3.0.0"

git-clone@^0.1.0:
  version "0.1.0"
  resolved "https://registry.npmjs.org/git-clone/-/git-clone-0.1.0.tgz"

glob@^7.1.3, glob@^7.1.6:
  version "7.2.0"
  resolved "https://registry.npmjs.org/glob/-/glob-7.2.0.tgz"
  dependencies:
    fs.realpath "^1.0.0"
    inflight "^1.0.4"
    inherits "2"
    minimatch "^3.0.4"
    once "^1.3.0"
    path-is-absolute "^1.0.0"

gogocode@^1.0.35:
  version "1.0.35"
  resolved "https://registry.npmjs.org/gogocode/-/gogocode-1.0.35.tgz"
  dependencies:
    "@babel/parser" "^7.7.7"
    glob "^7.1.6"
    hyntax-yx "^1.0.3"
    indent-string "^4.0.0"
    recast-yx "^0.18.11"
    vue3-browser-compiler-yx "^1.0.1"

got@^11.8.2:
  version "11.8.2"
  resolved "https://registry.npmjs.org/got/-/got-11.8.2.tgz"
  dependencies:
    "@sindresorhus/is" "^4.0.0"
    "@szmarczak/http-timer" "^4.0.5"
    "@types/cacheable-request" "^6.0.1"
    "@types/responselike" "^1.0.0"
    cacheable-lookup "^5.0.3"
    cacheable-request "^7.0.1"
    decompress-response "^6.0.0"
    http2-wrapper "^1.0.0-beta.5.2"
    lowercase-keys "^2.0.0"
    p-cancelable "^2.0.0"
    responselike "^2.0.0"

got@^8.3.1:
  version "8.3.2"
  resolved "https://registry.npmjs.org/got/-/got-8.3.2.tgz"
  dependencies:
    "@sindresorhus/is" "^0.7.0"
    cacheable-request "^2.1.1"
    decompress-response "^3.3.0"
    duplexer3 "^0.1.4"
    get-stream "^3.0.0"
    into-stream "^3.1.0"
    is-retry-allowed "^1.1.0"
    isurl "^1.0.0-alpha5"
    lowercase-keys "^1.0.0"
    mimic-response "^1.0.0"
    p-cancelable "^0.4.0"
    p-timeout "^2.0.1"
    pify "^3.0.0"
    safe-buffer "^5.1.1"
    timed-out "^4.0.1"
    url-parse-lax "^3.0.0"
    url-to-options "^1.0.1"

graceful-fs@^4.1.10, graceful-fs@^4.1.2, graceful-fs@^4.1.6, graceful-fs@^4.1.9, graceful-fs@^4.2.0:
  version "4.2.8"
  resolved "https://registry.npmjs.org/graceful-fs/-/graceful-fs-4.2.8.tgz"

gray-matter@^2.0.0:
  version "2.1.1"
  resolved "https://registry.npmjs.org/gray-matter/-/gray-matter-2.1.1.tgz"
  dependencies:
    ansi-red "^0.1.1"
    coffee-script "^1.12.4"
    extend-shallow "^2.0.1"
    js-yaml "^3.8.1"
    toml "^2.3.2"

handlebars@^4.7.7:
  version "4.7.7"
  resolved "https://registry.npmjs.org/handlebars/-/handlebars-4.7.7.tgz"
  dependencies:
    minimist "^1.2.5"
    neo-async "^2.6.0"
    source-map "^0.6.1"
    wordwrap "^1.0.0"
  optionalDependencies:
    uglify-js "^3.1.4"

has-ansi@^2.0.0:
  version "2.0.0"
  resolved "https://registry.npmjs.org/has-ansi/-/has-ansi-2.0.0.tgz"
  dependencies:
    ansi-regex "^2.0.0"

has-flag@^4.0.0:
  version "4.0.0"
  resolved "https://registry.npmjs.org/has-flag/-/has-flag-4.0.0.tgz"

has-generators@^1.0.1:
  version "1.0.1"
  resolved "https://registry.npmjs.org/has-generators/-/has-generators-1.0.1.tgz"

has-symbol-support-x@^1.4.1:
  version "1.4.2"
  resolved "https://registry.npmjs.org/has-symbol-support-x/-/has-symbol-support-x-1.4.2.tgz"

has-to-string-tag-x@^1.2.0:
  version "1.4.1"
  resolved "https://registry.npmjs.org/has-to-string-tag-x/-/has-to-string-tag-x-1.4.1.tgz"
  dependencies:
    has-symbol-support-x "^1.4.1"

hash-sum@^2.0.0:
  version "2.0.0"
  resolved "https://registry.npmjs.org/hash-sum/-/hash-sum-2.0.0.tgz"

http-cache-semantics@3.8.1:
  version "3.8.1"
  resolved "https://registry.npmjs.org/http-cache-semantics/-/http-cache-semantics-3.8.1.tgz"

http-cache-semantics@^4.0.0:
  version "4.1.0"
  resolved "https://registry.npmjs.org/http-cache-semantics/-/http-cache-semantics-4.1.0.tgz"

http2-wrapper@^1.0.0-beta.5.2:
  version "1.0.3"
  resolved "https://registry.npmjs.org/http2-wrapper/-/http2-wrapper-1.0.3.tgz"
  dependencies:
    quick-lru "^5.1.1"
    resolve-alpn "^1.0.0"

hyntax-yx@^1.0.3:
  version "1.0.8"
  resolved "https://registry.npmjs.org/hyntax-yx/-/hyntax-yx-1.0.8.tgz"

iconv-lite@^0.4.24:
  version "0.4.24"
  resolved "https://registry.npmjs.org/iconv-lite/-/iconv-lite-0.4.24.tgz"
  dependencies:
    safer-buffer ">= 2.1.2 < 3"

icss-replace-symbols@^1.1.0:
  version "1.1.0"
  resolved "https://registry.npmjs.org/icss-replace-symbols/-/icss-replace-symbols-1.1.0.tgz"

icss-utils@^5.0.0:
  version "5.1.0"
  resolved "https://registry.npmjs.org/icss-utils/-/icss-utils-5.1.0.tgz"

ieee754@^1.1.13, ieee754@^1.2.1:
  version "1.2.1"
  resolved "https://registry.npmjs.org/ieee754/-/ieee754-1.2.1.tgz"

indent-string@^4.0.0:
  version "4.0.0"
  resolved "https://registry.npmjs.org/indent-string/-/indent-string-4.0.0.tgz"

inflight@^1.0.4:
  version "1.0.6"
  resolved "https://registry.npmjs.org/inflight/-/inflight-1.0.6.tgz"
  dependencies:
    once "^1.3.0"
    wrappy "1"

inherits@2, inherits@^2.0.1, inherits@^2.0.3, inherits@^2.0.4, inherits@~2.0.3:
  version "2.0.4"
  resolved "https://registry.npmjs.org/inherits/-/inherits-2.0.4.tgz"

ini@^1.3.4, ini@~1.3.0:
  version "1.3.8"
  resolved "https://registry.npmjs.org/ini/-/ini-1.3.8.tgz"

inquirer@^8.2.0:
  version "8.2.0"
  resolved "https://registry.npmjs.org/inquirer/-/inquirer-8.2.0.tgz"
  dependencies:
    ansi-escapes "^4.2.1"
    chalk "^4.1.1"
    cli-cursor "^3.1.0"
    cli-width "^3.0.0"
    external-editor "^3.0.3"
    figures "^3.0.0"
    lodash "^4.17.21"
    mute-stream "0.0.8"
    ora "^5.4.1"
    run-async "^2.4.0"
    rxjs "^7.2.0"
    string-width "^4.1.0"
    strip-ansi "^6.0.0"
    through "^2.3.6"

into-stream@^3.1.0:
  version "3.1.0"
  resolved "https://registry.npmjs.org/into-stream/-/into-stream-3.1.0.tgz"
  dependencies:
    from2 "^2.1.1"
    p-is-promise "^1.1.0"

is-extendable@^0.1.0:
  version "0.1.1"
  resolved "https://registry.npmjs.org/is-extendable/-/is-extendable-0.1.1.tgz"

is-fullwidth-code-point@^3.0.0:
  version "3.0.0"
  resolved "https://registry.npmjs.org/is-fullwidth-code-point/-/is-fullwidth-code-point-3.0.0.tgz"

is-interactive@^1.0.0:
  version "1.0.0"
  resolved "https://registry.npmjs.org/is-interactive/-/is-interactive-1.0.0.tgz"

is-interactive@^2.0.0:
  version "2.0.0"
  resolved "https://registry.npmjs.org/is-interactive/-/is-interactive-2.0.0.tgz"

is-natural-number@^4.0.1:
  version "4.0.1"
  resolved "https://registry.npmjs.org/is-natural-number/-/is-natural-number-4.0.1.tgz"

is-object@^1.0.1:
  version "1.0.2"
  resolved "https://registry.npmjs.org/is-object/-/is-object-1.0.2.tgz"

is-plain-obj@^1.0.0:
  version "1.1.0"
  resolved "https://registry.npmjs.org/is-plain-obj/-/is-plain-obj-1.1.0.tgz"

is-retry-allowed@^1.1.0:
  version "1.2.0"
  resolved "https://registry.npmjs.org/is-retry-allowed/-/is-retry-allowed-1.2.0.tgz"

is-stream@^1.1.0:
  version "1.1.0"
  resolved "https://registry.npmjs.org/is-stream/-/is-stream-1.1.0.tgz"

is-unicode-supported@^0.1.0:
  version "0.1.0"
  resolved "https://registry.npmjs.org/is-unicode-supported/-/is-unicode-supported-0.1.0.tgz"

is-unicode-supported@^1.0.0, is-unicode-supported@^1.1.0:
  version "1.1.0"
  resolved "https://registry.npmjs.org/is-unicode-supported/-/is-unicode-supported-1.1.0.tgz"

is-utf8@~0.2.0:
  version "0.2.1"
  resolved "https://registry.npmjs.org/is-utf8/-/is-utf8-0.2.1.tgz"

is@^3.1.0:
  version "3.3.0"
  resolved "https://registry.npmjs.org/is/-/is-3.3.0.tgz"

isarray@~1.0.0:
  version "1.0.0"
  resolved "https://registry.npmjs.org/isarray/-/isarray-1.0.0.tgz"

isurl@^1.0.0-alpha5:
  version "1.0.0"
  resolved "https://registry.npmjs.org/isurl/-/isurl-1.0.0.tgz"
  dependencies:
    has-to-string-tag-x "^1.2.0"
    is-object "^1.0.1"

js-yaml@^3.8.1:
  version "3.14.1"
  resolved "https://registry.npmjs.org/js-yaml/-/js-yaml-3.14.1.tgz"
  dependencies:
    argparse "^1.0.7"
    esprima "^4.0.0"

json-buffer@3.0.0:
  version "3.0.0"
  resolved "https://registry.npmjs.org/json-buffer/-/json-buffer-3.0.0.tgz"

json-buffer@3.0.1:
  version "3.0.1"
  resolved "https://registry.npmjs.org/json-buffer/-/json-buffer-3.0.1.tgz"

json5@^1.0.1:
  version "1.0.1"
  resolved "https://registry.npmjs.org/json5/-/json5-1.0.1.tgz"
  dependencies:
    minimist "^1.2.0"

jsonfile@^2.1.0:
  version "2.4.0"
  resolved "https://registry.npmjs.org/jsonfile/-/jsonfile-2.4.0.tgz"
  optionalDependencies:
    graceful-fs "^4.1.6"

jsonfile@^6.0.1:
  version "6.1.0"
  resolved "https://registry.npmjs.org/jsonfile/-/jsonfile-6.1.0.tgz"
  dependencies:
    universalify "^2.0.0"
  optionalDependencies:
    graceful-fs "^4.1.6"

keyv@3.0.0:
  version "3.0.0"
  resolved "https://registry.npmjs.org/keyv/-/keyv-3.0.0.tgz"
  dependencies:
    json-buffer "3.0.0"

keyv@^4.0.0:
  version "4.0.3"
  resolved "https://registry.npmjs.org/keyv/-/keyv-4.0.3.tgz"
  dependencies:
    json-buffer "3.0.1"

klaw@^1.0.0:
  version "1.3.1"
  resolved "https://registry.npmjs.org/klaw/-/klaw-1.3.1.tgz"
  optionalDependencies:
    graceful-fs "^4.1.9"

latest-version@^6.0.0:
  version "6.0.0"
  resolved "https://registry.npmjs.org/latest-version/-/latest-version-6.0.0.tgz"
  dependencies:
    package-json "^7.0.0"

loader-utils@^1.1.0:
  version "1.4.0"
  resolved "https://registry.npmjs.org/loader-utils/-/loader-utils-1.4.0.tgz"
  dependencies:
    big.js "^5.2.2"
    emojis-list "^3.0.0"
    json5 "^1.0.1"

lodash.camelcase@^4.3.0:
  version "4.3.0"
  resolved "https://registry.npmjs.org/lodash.camelcase/-/lodash.camelcase-4.3.0.tgz"

lodash@^4.17.21:
  version "4.17.21"
  resolved "https://registry.npmjs.org/lodash/-/lodash-4.17.21.tgz"

log-symbols@^4.1.0:
  version "4.1.0"
  resolved "https://registry.npmjs.org/log-symbols/-/log-symbols-4.1.0.tgz"
  dependencies:
    chalk "^4.1.0"
    is-unicode-supported "^0.1.0"

log-symbols@^5.0.0:
  version "5.0.0"
  resolved "https://registry.npmjs.org/log-symbols/-/log-symbols-5.0.0.tgz"
  dependencies:
    chalk "^4.1.0"
    is-unicode-supported "^1.0.0"

lowercase-keys@1.0.0:
  version "1.0.0"
  resolved "https://registry.npmjs.org/lowercase-keys/-/lowercase-keys-1.0.0.tgz"

lowercase-keys@^1.0.0:
  version "1.0.1"
  resolved "https://registry.npmjs.org/lowercase-keys/-/lowercase-keys-1.0.1.tgz"

lowercase-keys@^2.0.0:
  version "2.0.0"
  resolved "https://registry.npmjs.org/lowercase-keys/-/lowercase-keys-2.0.0.tgz"

lru-cache@^5.1.1:
  version "5.1.1"
  resolved "https://registry.npmjs.org/lru-cache/-/lru-cache-5.1.1.tgz"
  dependencies:
    yallist "^3.0.2"

lru-cache@^6.0.0:
  version "6.0.0"
  resolved "https://registry.npmjs.org/lru-cache/-/lru-cache-6.0.0.tgz"
  dependencies:
    yallist "^4.0.0"

magic-string@^0.25.7:
  version "0.25.7"
  resolved "https://registry.npmjs.org/magic-string/-/magic-string-0.25.7.tgz"
  dependencies:
    sourcemap-codec "^1.4.4"

make-dir@^1.0.0, make-dir@^1.2.0:
  version "1.3.0"
  resolved "https://registry.npmjs.org/make-dir/-/make-dir-1.3.0.tgz"
  dependencies:
    pify "^3.0.0"

merge-source-map@^1.1.0:
  version "1.1.0"
  resolved "https://registry.npmjs.org/merge-source-map/-/merge-source-map-1.1.0.tgz"
  dependencies:
    source-map "^0.6.1"

metalsmith@^2.3.0:
  version "2.3.0"
  resolved "https://registry.npmjs.org/metalsmith/-/metalsmith-2.3.0.tgz"
  dependencies:
    absolute "0.0.1"
    chalk "^1.1.3"
    clone "^1.0.2"
    co-fs-extra "^1.2.1"
    commander "^2.6.0"
    gray-matter "^2.0.0"
    has-generators "^1.0.1"
    is "^3.1.0"
    is-utf8 "~0.2.0"
    recursive-readdir "^2.1.0"
    rimraf "^2.2.8"
    stat-mode "^0.2.0"
    thunkify "^2.1.2"
    unyield "0.0.1"
    ware "^1.2.0"
    win-fork "^1.1.1"

mime-db@^1.28.0:
  version "1.50.0"
  resolved "https://registry.npmjs.org/mime-db/-/mime-db-1.50.0.tgz"

mimic-fn@^2.1.0:
  version "2.1.0"
  resolved "https://registry.npmjs.org/mimic-fn/-/mimic-fn-2.1.0.tgz"

mimic-response@^1.0.0:
  version "1.0.1"
  resolved "https://registry.npmjs.org/mimic-response/-/mimic-response-1.0.1.tgz"

mimic-response@^3.1.0:
  version "3.1.0"
  resolved "https://registry.npmjs.org/mimic-response/-/mimic-response-3.1.0.tgz"

minimatch@3.0.4, minimatch@^3.0.4:
  version "3.0.4"
  resolved "https://registry.npmjs.org/minimatch/-/minimatch-3.0.4.tgz"
  dependencies:
    brace-expansion "^1.1.7"

minimist@^1.2.0, minimist@^1.2.5:
  version "1.2.8"
  resolved "https://registry.yarnpkg.com/minimist/-/minimist-1.2.8.tgz#c1a464e7693302e082a075cee0c057741ac4772c"

mute-stream@0.0.8:
  version "0.0.8"
  resolved "https://registry.npmjs.org/mute-stream/-/mute-stream-0.0.8.tgz"

nanoid@^3.1.28:
  version "3.1.29"
  resolved "https://registry.npmjs.org/nanoid/-/nanoid-3.1.29.tgz"

neo-async@^2.6.0:
  version "2.6.2"
  resolved "https://registry.npmjs.org/neo-async/-/neo-async-2.6.2.tgz"

normalize-url@2.0.1:
  version "2.0.1"
  resolved "https://registry.npmjs.org/normalize-url/-/normalize-url-2.0.1.tgz"
  dependencies:
    prepend-http "^2.0.0"
    query-string "^5.0.1"
    sort-keys "^2.0.0"

normalize-url@^6.0.1:
  version "6.1.0"
  resolved "https://registry.npmjs.org/normalize-url/-/normalize-url-6.1.0.tgz"

npm-conf@^1.1.0:
  version "1.1.3"
  resolved "https://registry.npmjs.org/npm-conf/-/npm-conf-1.1.3.tgz"
  dependencies:
    config-chain "^1.1.11"
    pify "^3.0.0"

object-assign@^4.0.1, object-assign@^4.1.0:
  version "4.1.1"
  resolved "https://registry.npmjs.org/object-assign/-/object-assign-4.1.1.tgz"

once@^1.3.0, once@^1.3.1, once@^1.4.0:
  version "1.4.0"
  resolved "https://registry.npmjs.org/once/-/once-1.4.0.tgz"
  dependencies:
    wrappy "1"

onetime@^5.1.0:
  version "5.1.2"
  resolved "https://registry.npmjs.org/onetime/-/onetime-5.1.2.tgz"
  dependencies:
    mimic-fn "^2.1.0"

ora@^5.4.1:
  version "5.4.1"
  resolved "https://registry.npmjs.org/ora/-/ora-5.4.1.tgz"
  dependencies:
    bl "^4.1.0"
    chalk "^4.1.0"
    cli-cursor "^3.1.0"
    cli-spinners "^2.5.0"
    is-interactive "^1.0.0"
    is-unicode-supported "^0.1.0"
    log-symbols "^4.1.0"
    strip-ansi "^6.0.0"
    wcwidth "^1.0.1"

ora@^6.0.1:
  version "6.0.1"
  resolved "https://registry.npmjs.org/ora/-/ora-6.0.1.tgz"
  dependencies:
    bl "^5.0.0"
    chalk "^4.1.2"
    cli-cursor "^4.0.0"
    cli-spinners "^2.6.0"
    is-interactive "^2.0.0"
    is-unicode-supported "^1.1.0"
    log-symbols "^5.0.0"
    strip-ansi "^7.0.1"
    wcwidth "^1.0.1"

os-tmpdir@~1.0.2:
  version "1.0.2"
  resolved "https://registry.npmjs.org/os-tmpdir/-/os-tmpdir-1.0.2.tgz"

p-cancelable@^0.4.0:
  version "0.4.1"
  resolved "https://registry.npmjs.org/p-cancelable/-/p-cancelable-0.4.1.tgz"

p-cancelable@^2.0.0:
  version "2.1.1"
  resolved "https://registry.npmjs.org/p-cancelable/-/p-cancelable-2.1.1.tgz"

p-event@^2.1.0:
  version "2.3.1"
  resolved "https://registry.npmjs.org/p-event/-/p-event-2.3.1.tgz"
  dependencies:
    p-timeout "^2.0.1"

p-finally@^1.0.0:
  version "1.0.0"
  resolved "https://registry.npmjs.org/p-finally/-/p-finally-1.0.0.tgz"

p-is-promise@^1.1.0:
  version "1.1.0"
  resolved "https://registry.npmjs.org/p-is-promise/-/p-is-promise-1.1.0.tgz"

p-timeout@^2.0.1:
  version "2.0.1"
  resolved "https://registry.npmjs.org/p-timeout/-/p-timeout-2.0.1.tgz"
  dependencies:
    p-finally "^1.0.0"

package-json@^7.0.0:
  version "7.0.0"
  resolved "https://registry.npmjs.org/package-json/-/package-json-7.0.0.tgz"
  dependencies:
    got "^11.8.2"
    registry-auth-token "^4.0.0"
    registry-url "^5.0.0"
    semver "^7.3.5"

path-is-absolute@^1.0.0:
  version "1.0.1"
  resolved "https://registry.npmjs.org/path-is-absolute/-/path-is-absolute-1.0.1.tgz"

pend@~1.2.0:
  version "1.2.0"
  resolved "https://registry.npmjs.org/pend/-/pend-1.2.0.tgz"

picocolors@^0.2.1:
  version "0.2.1"
  resolved "https://registry.npmjs.org/picocolors/-/picocolors-0.2.1.tgz"

pify@^2.3.0:
  version "2.3.0"
  resolved "https://registry.npmjs.org/pify/-/pify-2.3.0.tgz"

pify@^3.0.0:
  version "3.0.0"
  resolved "https://registry.npmjs.org/pify/-/pify-3.0.0.tgz"

pinkie-promise@^2.0.0:
  version "2.0.1"
  resolved "https://registry.npmjs.org/pinkie-promise/-/pinkie-promise-2.0.1.tgz"
  dependencies:
    pinkie "^2.0.0"

pinkie@^2.0.0:
  version "2.0.4"
  resolved "https://registry.npmjs.org/pinkie/-/pinkie-2.0.4.tgz"

postcss-modules-extract-imports@^3.0.0:
  version "3.0.0"
  resolved "https://registry.npmjs.org/postcss-modules-extract-imports/-/postcss-modules-extract-imports-3.0.0.tgz"

postcss-modules-local-by-default@^4.0.0:
  version "4.0.0"
  resolved "https://registry.npmjs.org/postcss-modules-local-by-default/-/postcss-modules-local-by-default-4.0.0.tgz"
  dependencies:
    icss-utils "^5.0.0"
    postcss-selector-parser "^6.0.2"
    postcss-value-parser "^4.1.0"

postcss-modules-scope@^3.0.0:
  version "3.0.0"
  resolved "https://registry.npmjs.org/postcss-modules-scope/-/postcss-modules-scope-3.0.0.tgz"
  dependencies:
    postcss-selector-parser "^6.0.4"

postcss-modules-values@^4.0.0:
  version "4.0.0"
  resolved "https://registry.npmjs.org/postcss-modules-values/-/postcss-modules-values-4.0.0.tgz"
  dependencies:
    icss-utils "^5.0.0"

postcss-modules@^4.0.0:
  version "4.2.2"
  resolved "https://registry.npmjs.org/postcss-modules/-/postcss-modules-4.2.2.tgz"
  dependencies:
    generic-names "^2.0.1"
    icss-replace-symbols "^1.1.0"
    lodash.camelcase "^4.3.0"
    postcss-modules-extract-imports "^3.0.0"
    postcss-modules-local-by-default "^4.0.0"
    postcss-modules-scope "^3.0.0"
    postcss-modules-values "^4.0.0"
    string-hash "^1.1.1"

postcss-selector-parser@^6.0.2, postcss-selector-parser@^6.0.4:
  version "6.0.6"
  resolved "https://registry.npmjs.org/postcss-selector-parser/-/postcss-selector-parser-6.0.6.tgz"
  dependencies:
    cssesc "^3.0.0"
    util-deprecate "^1.0.2"

postcss-value-parser@^4.1.0:
  version "4.1.0"
  resolved "https://registry.npmjs.org/postcss-value-parser/-/postcss-value-parser-4.1.0.tgz"

postcss@^8.1.10:
  version "8.3.9"
  resolved "https://registry.npmjs.org/postcss/-/postcss-8.3.9.tgz"
  dependencies:
    nanoid "^3.1.28"
    picocolors "^0.2.1"
    source-map-js "^0.6.2"

prepend-http@^2.0.0:
  version "2.0.0"
  resolved "https://registry.npmjs.org/prepend-http/-/prepend-http-2.0.0.tgz"

private@^0.1.8:
  version "0.1.8"
  resolved "https://registry.npmjs.org/private/-/private-0.1.8.tgz"

process-nextick-args@~2.0.0:
  version "2.0.1"
  resolved "https://registry.npmjs.org/process-nextick-args/-/process-nextick-args-2.0.1.tgz"

proto-list@~1.2.1:
  version "1.2.4"
  resolved "https://registry.npmjs.org/proto-list/-/proto-list-1.2.4.tgz"

pump@^3.0.0:
  version "3.0.0"
  resolved "https://registry.npmjs.org/pump/-/pump-3.0.0.tgz"
  dependencies:
    end-of-stream "^1.1.0"
    once "^1.3.1"

query-string@^5.0.1:
  version "5.1.1"
  resolved "https://registry.npmjs.org/query-string/-/query-string-5.1.1.tgz"
  dependencies:
    decode-uri-component "^0.2.0"
    object-assign "^4.1.0"
    strict-uri-encode "^1.0.0"

quick-lru@^5.1.1:
  version "5.1.1"
  resolved "https://registry.npmjs.org/quick-lru/-/quick-lru-5.1.1.tgz"

rc@^1.2.8:
  version "1.2.8"
  resolved "https://registry.npmjs.org/rc/-/rc-1.2.8.tgz"
  dependencies:
    deep-extend "^0.6.0"
    ini "~1.3.0"
    minimist "^1.2.0"
    strip-json-comments "~2.0.1"

readable-stream@^2.0.0, readable-stream@^2.3.0, readable-stream@^2.3.5:
  version "2.3.7"
  resolved "https://registry.npmjs.org/readable-stream/-/readable-stream-2.3.7.tgz"
  dependencies:
    core-util-is "~1.0.0"
    inherits "~2.0.3"
    isarray "~1.0.0"
    process-nextick-args "~2.0.0"
    safe-buffer "~5.1.1"
    string_decoder "~1.1.1"
    util-deprecate "~1.0.1"

readable-stream@^3.4.0:
  version "3.6.0"
  resolved "https://registry.npmjs.org/readable-stream/-/readable-stream-3.6.0.tgz"
  dependencies:
    inherits "^2.0.3"
    string_decoder "^1.1.1"
    util-deprecate "^1.0.1"

recast-yx@^0.18.11:
  version "0.18.12"
  resolved "https://registry.npmjs.org/recast-yx/-/recast-yx-0.18.12.tgz"
  dependencies:
    ast-types-yx "0.14.2"
    esprima "~4.0.0"
    private "^0.1.8"
    source-map "~0.6.1"

recursive-readdir@^2.1.0:
  version "2.2.2"
  resolved "https://registry.npmjs.org/recursive-readdir/-/recursive-readdir-2.2.2.tgz"
  dependencies:
    minimatch "3.0.4"

registry-auth-token@^4.0.0:
  version "4.2.1"
  resolved "https://registry.npmjs.org/registry-auth-token/-/registry-auth-token-4.2.1.tgz"
  dependencies:
    rc "^1.2.8"

registry-url@^5.0.0:
  version "5.1.0"
  resolved "https://registry.npmjs.org/registry-url/-/registry-url-5.1.0.tgz"
  dependencies:
    rc "^1.2.8"

resolve-alpn@^1.0.0:
  version "1.2.1"
  resolved "https://registry.npmjs.org/resolve-alpn/-/resolve-alpn-1.2.1.tgz"

responselike@1.0.2:
  version "1.0.2"
  resolved "https://registry.npmjs.org/responselike/-/responselike-1.0.2.tgz"
  dependencies:
    lowercase-keys "^1.0.0"

responselike@^2.0.0:
  version "2.0.0"
  resolved "https://registry.npmjs.org/responselike/-/responselike-2.0.0.tgz"
  dependencies:
    lowercase-keys "^2.0.0"

restore-cursor@^3.1.0:
  version "3.1.0"
  resolved "https://registry.npmjs.org/restore-cursor/-/restore-cursor-3.1.0.tgz"
  dependencies:
    onetime "^5.1.0"
    signal-exit "^3.0.2"

restore-cursor@^4.0.0:
  version "4.0.0"
  resolved "https://registry.npmjs.org/restore-cursor/-/restore-cursor-4.0.0.tgz"
  dependencies:
    onetime "^5.1.0"
    signal-exit "^3.0.2"

rimraf@^2.2.8:
  version "2.7.1"
  resolved "https://registry.npmjs.org/rimraf/-/rimraf-2.7.1.tgz"
  dependencies:
    glob "^7.1.3"

rimraf@^3.0.0:
  version "3.0.2"
  resolved "https://registry.npmjs.org/rimraf/-/rimraf-3.0.2.tgz"
  dependencies:
    glob "^7.1.3"

run-async@^2.4.0:
  version "2.4.1"
  resolved "https://registry.npmjs.org/run-async/-/run-async-2.4.1.tgz"

rxjs@^7.2.0:
  version "7.4.0"
  resolved "https://registry.npmjs.org/rxjs/-/rxjs-7.4.0.tgz"
  dependencies:
    tslib "~2.1.0"

safe-buffer@5.1.2, safe-buffer@^5.0.1, safe-buffer@^5.1.1, safe-buffer@~5.1.0, safe-buffer@~5.1.1:
  version "5.1.2"
  resolved "https://registry.npmjs.org/safe-buffer/-/safe-buffer-5.1.2.tgz"

"safer-buffer@>= 2.1.2 < 3":
  version "2.1.2"
  resolved "https://registry.npmjs.org/safer-buffer/-/safer-buffer-2.1.2.tgz"

seek-bzip@^1.0.5:
  version "1.0.6"
  resolved "https://registry.npmjs.org/seek-bzip/-/seek-bzip-1.0.6.tgz"
  dependencies:
    commander "^2.8.1"

semver@^7.3.5:
  version "7.3.5"
  resolved "https://registry.npmjs.org/semver/-/semver-7.3.5.tgz"
  dependencies:
    lru-cache "^6.0.0"

signal-exit@^3.0.2:
  version "3.0.5"
  resolved "https://registry.npmjs.org/signal-exit/-/signal-exit-3.0.5.tgz"

sort-keys-length@^1.0.0:
  version "1.0.1"
  resolved "https://registry.npmjs.org/sort-keys-length/-/sort-keys-length-1.0.1.tgz"
  dependencies:
    sort-keys "^1.0.0"

sort-keys@^1.0.0:
  version "1.1.2"
  resolved "https://registry.npmjs.org/sort-keys/-/sort-keys-1.1.2.tgz"
  dependencies:
    is-plain-obj "^1.0.0"

sort-keys@^2.0.0:
  version "2.0.0"
  resolved "https://registry.npmjs.org/sort-keys/-/sort-keys-2.0.0.tgz"
  dependencies:
    is-plain-obj "^1.0.0"

source-map-js@^0.6.2:
  version "0.6.2"
  resolved "https://registry.npmjs.org/source-map-js/-/source-map-js-0.6.2.tgz"

source-map@^0.6.1, source-map@~0.6.1:
  version "0.6.1"
  resolved "https://registry.npmjs.org/source-map/-/source-map-0.6.1.tgz"

sourcemap-codec@^1.4.4:
  version "1.4.8"
  resolved "https://registry.npmjs.org/sourcemap-codec/-/sourcemap-codec-1.4.8.tgz"

sprintf-js@~1.0.2:
  version "1.0.3"
  resolved "https://registry.npmjs.org/sprintf-js/-/sprintf-js-1.0.3.tgz"

stat-mode@^0.2.0:
  version "0.2.2"
  resolved "https://registry.npmjs.org/stat-mode/-/stat-mode-0.2.2.tgz"

strict-uri-encode@^1.0.0:
  version "1.1.0"
  resolved "https://registry.npmjs.org/strict-uri-encode/-/strict-uri-encode-1.1.0.tgz"

string-hash@^1.1.1:
  version "1.1.3"
  resolved "https://registry.npmjs.org/string-hash/-/string-hash-1.1.3.tgz"

string-width@^4.1.0:
  version "4.2.3"
  resolved "https://registry.npmjs.org/string-width/-/string-width-4.2.3.tgz"
  dependencies:
    emoji-regex "^8.0.0"
    is-fullwidth-code-point "^3.0.0"
    strip-ansi "^6.0.1"

string_decoder@^1.1.1, string_decoder@~1.1.1:
  version "1.1.1"
  resolved "https://registry.npmjs.org/string_decoder/-/string_decoder-1.1.1.tgz"
  dependencies:
    safe-buffer "~5.1.0"

strip-ansi@^3.0.0:
  version "3.0.1"
  resolved "https://registry.npmjs.org/strip-ansi/-/strip-ansi-3.0.1.tgz"
  dependencies:
    ansi-regex "^2.0.0"

strip-ansi@^6.0.0, strip-ansi@^6.0.1:
  version "6.0.1"
  resolved "https://registry.npmjs.org/strip-ansi/-/strip-ansi-6.0.1.tgz"
  dependencies:
    ansi-regex "^5.0.1"

strip-ansi@^7.0.1:
  version "7.0.1"
  resolved "https://registry.npmjs.org/strip-ansi/-/strip-ansi-7.0.1.tgz"
  dependencies:
    ansi-regex "^6.0.1"

strip-dirs@^2.0.0:
  version "2.1.0"
  resolved "https://registry.npmjs.org/strip-dirs/-/strip-dirs-2.1.0.tgz"
  dependencies:
    is-natural-number "^4.0.1"

strip-json-comments@~2.0.1:
  version "2.0.1"
  resolved "https://registry.npmjs.org/strip-json-comments/-/strip-json-comments-2.0.1.tgz"

strip-outer@^1.0.0:
  version "1.0.1"
  resolved "https://registry.npmjs.org/strip-outer/-/strip-outer-1.0.1.tgz"
  dependencies:
    escape-string-regexp "^1.0.2"

supports-color@^2.0.0:
  version "2.0.0"
  resolved "https://registry.npmjs.org/supports-color/-/supports-color-2.0.0.tgz"

supports-color@^7.1.0:
  version "7.2.0"
  resolved "https://registry.npmjs.org/supports-color/-/supports-color-7.2.0.tgz"
  dependencies:
    has-flag "^4.0.0"

tar-stream@^1.5.2:
  version "1.6.2"
  resolved "https://registry.npmjs.org/tar-stream/-/tar-stream-1.6.2.tgz"
  dependencies:
    bl "^1.0.0"
    buffer-alloc "^1.2.0"
    end-of-stream "^1.0.0"
    fs-constants "^1.0.0"
    readable-stream "^2.3.0"
    to-buffer "^1.1.1"
    xtend "^4.0.0"

through@^2.3.6, through@^2.3.8:
  version "2.3.8"
  resolved "https://registry.npmjs.org/through/-/through-2.3.8.tgz"

thunkify-wrap@~1.0.4:
  version "1.0.4"
  resolved "https://registry.npmjs.org/thunkify-wrap/-/thunkify-wrap-1.0.4.tgz"
  dependencies:
    enable "1"

thunkify@^2.1.2:
  version "2.1.2"
  resolved "https://registry.npmjs.org/thunkify/-/thunkify-2.1.2.tgz"

timed-out@^4.0.1:
  version "4.0.1"
  resolved "https://registry.npmjs.org/timed-out/-/timed-out-4.0.1.tgz"

tmp@^0.0.33:
  version "0.0.33"
  resolved "https://registry.npmjs.org/tmp/-/tmp-0.0.33.tgz"
  dependencies:
    os-tmpdir "~1.0.2"

to-buffer@^1.1.1:
  version "1.1.1"
  resolved "https://registry.npmjs.org/to-buffer/-/to-buffer-1.1.1.tgz"

to-fast-properties@^2.0.0:
  version "2.0.0"
  resolved "https://registry.npmjs.org/to-fast-properties/-/to-fast-properties-2.0.0.tgz"

toml@^2.3.2:
  version "2.3.6"
  resolved "https://registry.npmjs.org/toml/-/toml-2.3.6.tgz"

trim-repeated@^1.0.0:
  version "1.0.0"
  resolved "https://registry.npmjs.org/trim-repeated/-/trim-repeated-1.0.0.tgz"
  dependencies:
    escape-string-regexp "^1.0.2"

tslib@^2.0.1, tslib@~2.1.0:
  version "2.1.0"
  resolved "https://registry.npmjs.org/tslib/-/tslib-2.1.0.tgz"

tunnel-agent@^0.6.0:
  version "0.6.0"
  resolved "https://registry.npmjs.org/tunnel-agent/-/tunnel-agent-0.6.0.tgz"
  dependencies:
    safe-buffer "^5.0.1"

type-fest@^0.21.3:
  version "0.21.3"
  resolved "https://registry.npmjs.org/type-fest/-/type-fest-0.21.3.tgz"

uglify-js@^3.1.4:
  version "3.14.2"
  resolved "https://registry.npmjs.org/uglify-js/-/uglify-js-3.14.2.tgz"

unbzip2-stream@^1.0.9:
  version "1.4.3"
  resolved "https://registry.npmjs.org/unbzip2-stream/-/unbzip2-stream-1.4.3.tgz"
  dependencies:
    buffer "^5.2.1"
    through "^2.3.8"

universalify@^2.0.0:
  version "2.0.0"
  resolved "https://registry.npmjs.org/universalify/-/universalify-2.0.0.tgz"

unyield@0.0.1:
  version "0.0.1"
  resolved "https://registry.npmjs.org/unyield/-/unyield-0.0.1.tgz"
  dependencies:
    co "~3.1.0"

url-parse-lax@^3.0.0:
  version "3.0.0"
  resolved "https://registry.npmjs.org/url-parse-lax/-/url-parse-lax-3.0.0.tgz"
  dependencies:
    prepend-http "^2.0.0"

url-to-options@^1.0.1:
  version "1.0.1"
  resolved "https://registry.npmjs.org/url-to-options/-/url-to-options-1.0.1.tgz"

util-deprecate@^1.0.1, util-deprecate@^1.0.2, util-deprecate@~1.0.1:
  version "1.0.2"
  resolved "https://registry.npmjs.org/util-deprecate/-/util-deprecate-1.0.2.tgz"

vue3-browser-compiler-yx@^1.0.1:
  version "1.0.1"
  resolved "https://registry.npmjs.org/vue3-browser-compiler-yx/-/vue3-browser-compiler-yx-1.0.1.tgz"
  dependencies:
    "@babel/parser" "^7.13.9"
    "@babel/types" "^7.13.0"
    "@vue/compiler-core" "3.0.11"
    "@vue/compiler-dom" "3.0.11"
    "@vue/compiler-ssr" "3.0.11"
    "@vue/shared" "3.0.11"
    estree-walker "^2.0.1"
    hash-sum "^2.0.0"
    lru-cache "^5.1.1"
    magic-string "^0.25.7"
    merge-source-map "^1.1.0"
    postcss "^8.1.10"
    postcss-modules "^4.0.0"
    postcss-selector-parser "^6.0.4"
    source-map "^0.6.1"

ware@^1.2.0:
  version "1.3.0"
  resolved "https://registry.npmjs.org/ware/-/ware-1.3.0.tgz"
  dependencies:
    wrap-fn "^0.1.0"

wcwidth@^1.0.1:
  version "1.0.1"
  resolved "https://registry.npmjs.org/wcwidth/-/wcwidth-1.0.1.tgz"
  dependencies:
    defaults "^1.0.3"

win-fork@^1.1.1:
  version "1.1.1"
  resolved "https://registry.npmjs.org/win-fork/-/win-fork-1.1.1.tgz"

wordwrap@^1.0.0:
  version "1.0.0"
  resolved "https://registry.npmjs.org/wordwrap/-/wordwrap-1.0.0.tgz"

wrap-fn@^0.1.0:
  version "0.1.5"
  resolved "https://registry.npmjs.org/wrap-fn/-/wrap-fn-0.1.5.tgz"
  dependencies:
    co "3.1.0"

wrappy@1:
  version "1.0.2"
  resolved "https://registry.npmjs.org/wrappy/-/wrappy-1.0.2.tgz"

xtend@^4.0.0:
  version "4.0.2"
  resolved "https://registry.npmjs.org/xtend/-/xtend-4.0.2.tgz"

yallist@^3.0.2:
  version "3.1.1"
  resolved "https://registry.npmjs.org/yallist/-/yallist-3.1.1.tgz"

yallist@^4.0.0:
  version "4.0.0"
  resolved "https://registry.npmjs.org/yallist/-/yallist-4.0.0.tgz"

yauzl@^2.4.2:
  version "2.10.0"
  resolved "https://registry.npmjs.org/yauzl/-/yauzl-2.10.0.tgz"
  dependencies:
    buffer-crc32 "~0.2.3"
    fd-slicer "~1.1.0"
